
Microsoft Visual Studio Solution File, Format Version 12.00
# Visual Studio 15
VisualStudioVersion = 15.0.27130.2027
MinimumVisualStudioVersion = 10.0.40219.1
Project("{FAE04EC0-301F-11D3-BF4B-00C04F79EFBC}") = "SOSApp.Android", "SOSApp\SOSApp.Android\SOSApp.Android.csproj", "{7435D2C2-58BF-4A85-8DFE-C071C61BCE22}"
EndProject
Project("{FAE04EC0-301F-11D3-BF4B-00C04F79EFBC}") = "SOSApp.iOS", "SOSApp\SOSApp.iOS\SOSApp.iOS.csproj", "{4D077673-D152-4D3B-BA86-007112F6D8FE}"
EndProject
Project("{FAE04EC0-301F-11D3-BF4B-00C04F79EFBC}") = "SOSApp.UWP", "SOSApp\SOSApp.UWP\SOSApp.UWP.csproj", "{4037D74B-B8D5-4316-8E37-9E00053B639C}"
EndProject
Project("{D954291E-2A0B-460D-934E-DC6B0785DB48}") = "SOSApp", "SOSApp\SOSApp\SOSApp.shproj", "{315D39FF-9732-4AA0-B5EF-B6866CA4B9DB}"
EndProject
Global
	GlobalSection(SharedMSBuildProjectFiles) = preSolution
		SOSApp\SOSApp\SOSApp.projitems*{315d39ff-9732-4aa0-b5ef-b6866ca4b9db}*SharedItemsImports = 13
		SOSApp\SOSApp\SOSApp.projitems*{4037d74b-b8d5-4316-8e37-9e00053b639c}*SharedItemsImports = 4
		SOSApp\SOSApp\SOSApp.projitems*{4d077673-d152-4d3b-ba86-007112f6d8fe}*SharedItemsImports = 4
		SOSApp\SOSApp\SOSApp.projitems*{7435d2c2-58bf-4a85-8dfe-c071c61bce22}*SharedItemsImports = 4
	EndGlobalSection
	GlobalSection(SolutionConfigurationPlatforms) = preSolution
		Ad-Hoc|Any CPU = Ad-Hoc|Any CPU
		Ad-Hoc|ARM = Ad-Hoc|ARM
		Ad-Hoc|iPhone = Ad-Hoc|iPhone
		Ad-Hoc|iPhoneSimulator = Ad-Hoc|iPhoneSimulator
		Ad-Hoc|x64 = Ad-Hoc|x64
		Ad-Hoc|x86 = Ad-Hoc|x86
		AppStore|Any CPU = AppStore|Any CPU
		AppStore|ARM = AppStore|ARM
		AppStore|iPhone = AppStore|iPhone
		AppStore|iPhoneSimulator = AppStore|iPhoneSimulator
		AppStore|x64 = AppStore|x64
		AppStore|x86 = AppStore|x86
		Debug|Any CPU = Debug|Any CPU
		Debug|ARM = Debug|ARM
		Debug|iPhone = Debug|iPhone
		Debug|iPhoneSimulator = Debug|iPhoneSimulator
		Debug|x64 = Debug|x64
		Debug|x86 = Debug|x86
		Release|Any CPU = Release|Any CPU
		Release|ARM = Release|ARM
		Release|iPhone = Release|iPhone
		Release|iPhoneSimulator = Release|iPhoneSimulator
		Release|x64 = Release|x64
		Release|x86 = Release|x86
	EndGlobalSection
	GlobalSection(ProjectConfigurationPlatforms) = postSolution
		{7435D2C2-58BF-4A85-8DFE-C071C61BCE22}.Ad-Hoc|Any CPU.ActiveCfg = Release|Any CPU
		{7435D2C2-58BF-4A85-8DFE-C071C61BCE22}.Ad-Hoc|Any CPU.Build.0 = Release|Any CPU
		{7435D2C2-58BF-4A85-8DFE-C071C61BCE22}.Ad-Hoc|Any CPU.Deploy.0 = Release|Any CPU
		{7435D2C2-58BF-4A85-8DFE-C071C61BCE22}.Ad-Hoc|ARM.ActiveCfg = Release|Any CPU
		{7435D2C2-58BF-4A85-8DFE-C071C61BCE22}.Ad-Hoc|ARM.Build.0 = Release|Any CPU
		{7435D2C2-58BF-4A85-8DFE-C071C61BCE22}.Ad-Hoc|ARM.Deploy.0 = Release|Any CPU
		{7435D2C2-58BF-4A85-8DFE-C071C61BCE22}.Ad-Hoc|iPhone.ActiveCfg = Release|Any CPU
		{7435D2C2-58BF-4A85-8DFE-C071C61BCE22}.Ad-Hoc|iPhone.Build.0 = Release|Any CPU
		{7435D2C2-58BF-4A85-8DFE-C071C61BCE22}.Ad-Hoc|iPhone.Deploy.0 = Release|Any CPU
		{7435D2C2-58BF-4A85-8DFE-C071C61BCE22}.Ad-Hoc|iPhoneSimulator.ActiveCfg = Release|Any CPU
		{7435D2C2-58BF-4A85-8DFE-C071C61BCE22}.Ad-Hoc|iPhoneSimulator.Build.0 = Release|Any CPU
		{7435D2C2-58BF-4A85-8DFE-C071C61BCE22}.Ad-Hoc|iPhoneSimulator.Deploy.0 = Release|Any CPU
		{7435D2C2-58BF-4A85-8DFE-C071C61BCE22}.Ad-Hoc|x64.ActiveCfg = Release|Any CPU
		{7435D2C2-58BF-4A85-8DFE-C071C61BCE22}.Ad-Hoc|x64.Build.0 = Release|Any CPU
		{7435D2C2-58BF-4A85-8DFE-C071C61BCE22}.Ad-Hoc|x64.Deploy.0 = Release|Any CPU
		{7435D2C2-58BF-4A85-8DFE-C071C61BCE22}.Ad-Hoc|x86.ActiveCfg = Release|Any CPU
		{7435D2C2-58BF-4A85-8DFE-C071C61BCE22}.Ad-Hoc|x86.Build.0 = Release|Any CPU
		{7435D2C2-58BF-4A85-8DFE-C071C61BCE22}.Ad-Hoc|x86.Deploy.0 = Release|Any CPU
		{7435D2C2-58BF-4A85-8DFE-C071C61BCE22}.AppStore|Any CPU.ActiveCfg = Release|Any CPU
		{7435D2C2-58BF-4A85-8DFE-C071C61BCE22}.AppStore|Any CPU.Build.0 = Release|Any CPU
		{7435D2C2-58BF-4A85-8DFE-C071C61BCE22}.AppStore|Any CPU.Deploy.0 = Release|Any CPU
		{7435D2C2-58BF-4A85-8DFE-C071C61BCE22}.AppStore|ARM.ActiveCfg = Release|Any CPU
		{7435D2C2-58BF-4A85-8DFE-C071C61BCE22}.AppStore|ARM.Build.0 = Release|Any CPU
		{7435D2C2-58BF-4A85-8DFE-C071C61BCE22}.AppStore|ARM.Deploy.0 = Release|Any CPU
		{7435D2C2-58BF-4A85-8DFE-C071C61BCE22}.AppStore|iPhone.ActiveCfg = Release|Any CPU
		{7435D2C2-58BF-4A85-8DFE-C071C61BCE22}.AppStore|iPhone.Build.0 = Release|Any CPU
		{7435D2C2-58BF-4A85-8DFE-C071C61BCE22}.AppStore|iPhone.Deploy.0 = Release|Any CPU
		{7435D2C2-58BF-4A85-8DFE-C071C61BCE22}.AppStore|iPhoneSimulator.ActiveCfg = Release|Any CPU
		{7435D2C2-58BF-4A85-8DFE-C071C61BCE22}.AppStore|iPhoneSimulator.Build.0 = Release|Any CPU
		{7435D2C2-58BF-4A85-8DFE-C071C61BCE22}.AppStore|iPhoneSimulator.Deploy.0 = Release|Any CPU
		{7435D2C2-58BF-4A85-8DFE-C071C61BCE22}.AppStore|x64.ActiveCfg = Release|Any CPU
		{7435D2C2-58BF-4A85-8DFE-C071C61BCE22}.AppStore|x64.Build.0 = Release|Any CPU
		{7435D2C2-58BF-4A85-8DFE-C071C61BCE22}.AppStore|x64.Deploy.0 = Release|Any CPU
		{7435D2C2-58BF-4A85-8DFE-C071C61BCE22}.AppStore|x86.ActiveCfg = Release|Any CPU
		{7435D2C2-58BF-4A85-8DFE-C071C61BCE22}.AppStore|x86.Build.0 = Release|Any CPU
		{7435D2C2-58BF-4A85-8DFE-C071C61BCE22}.AppStore|x86.Deploy.0 = Release|Any CPU
		{7435D2C2-58BF-4A85-8DFE-C071C61BCE22}.Debug|Any CPU.ActiveCfg = Debug|Any CPU
		{7435D2C2-58BF-4A85-8DFE-C071C61BCE22}.Debug|Any CPU.Build.0 = Debug|Any CPU
		{7435D2C2-58BF-4A85-8DFE-C071C61BCE22}.Debug|Any CPU.Deploy.0 = Debug|Any CPU
		{7435D2C2-58BF-4A85-8DFE-C071C61BCE22}.Debug|ARM.ActiveCfg = Debug|Any CPU
		{7435D2C2-58BF-4A85-8DFE-C071C61BCE22}.Debug|ARM.Build.0 = Debug|Any CPU
		{7435D2C2-58BF-4A85-8DFE-C071C61BCE22}.Debug|ARM.Deploy.0 = Debug|Any CPU
		{7435D2C2-58BF-4A85-8DFE-C071C61BCE22}.Debug|iPhone.ActiveCfg = Debug|Any CPU
		{7435D2C2-58BF-4A85-8DFE-C071C61BCE22}.Debug|iPhone.Build.0 = Debug|Any CPU
		{7435D2C2-58BF-4A85-8DFE-C071C61BCE22}.Debug|iPhone.Deploy.0 = Debug|Any CPU
		{7435D2C2-58BF-4A85-8DFE-C071C61BCE22}.Debug|iPhoneSimulator.ActiveCfg = Debug|Any CPU
		{7435D2C2-58BF-4A85-8DFE-C071C61BCE22}.Debug|iPhoneSimulator.Build.0 = Debug|Any CPU
		{7435D2C2-58BF-4A85-8DFE-C071C61BCE22}.Debug|iPhoneSimulator.Deploy.0 = Debug|Any CPU
		{7435D2C2-58BF-4A85-8DFE-C071C61BCE22}.Debug|x64.ActiveCfg = Debug|Any CPU
		{7435D2C2-58BF-4A85-8DFE-C071C61BCE22}.Debug|x64.Build.0 = Debug|Any CPU
		{7435D2C2-58BF-4A85-8DFE-C071C61BCE22}.Debug|x64.Deploy.0 = Debug|Any CPU
		{7435D2C2-58BF-4A85-8DFE-C071C61BCE22}.Debug|x86.ActiveCfg = Debug|Any CPU
		{7435D2C2-58BF-4A85-8DFE-C071C61BCE22}.Debug|x86.Build.0 = Debug|Any CPU
		{7435D2C2-58BF-4A85-8DFE-C071C61BCE22}.Debug|x86.Deploy.0 = Debug|Any CPU
		{7435D2C2-58BF-4A85-8DFE-C071C61BCE22}.Release|Any CPU.ActiveCfg = Release|Any CPU
		{7435D2C2-58BF-4A85-8DFE-C071C61BCE22}.Release|Any CPU.Build.0 = Release|Any CPU
		{7435D2C2-58BF-4A85-8DFE-C071C61BCE22}.Release|Any CPU.Deploy.0 = Release|Any CPU
		{7435D2C2-58BF-4A85-8DFE-C071C61BCE22}.Release|ARM.ActiveCfg = Release|Any CPU
		{7435D2C2-58BF-4A85-8DFE-C071C61BCE22}.Release|ARM.Build.0 = Release|Any CPU
		{7435D2C2-58BF-4A85-8DFE-C071C61BCE22}.Release|ARM.Deploy.0 = Release|Any CPU
		{7435D2C2-58BF-4A85-8DFE-C071C61BCE22}.Release|iPhone.ActiveCfg = Release|Any CPU
		{7435D2C2-58BF-4A85-8DFE-C071C61BCE22}.Release|iPhone.Build.0 = Release|Any CPU
		{7435D2C2-58BF-4A85-8DFE-C071C61BCE22}.Release|iPhone.Deploy.0 = Release|Any CPU
		{7435D2C2-58BF-4A85-8DFE-C071C61BCE22}.Release|iPhoneSimulator.ActiveCfg = Release|Any CPU
		{7435D2C2-58BF-4A85-8DFE-C071C61BCE22}.Release|iPhoneSimulator.Build.0 = Release|Any CPU
		{7435D2C2-58BF-4A85-8DFE-C071C61BCE22}.Release|iPhoneSimulator.Deploy.0 = Release|Any CPU
		{7435D2C2-58BF-4A85-8DFE-C071C61BCE22}.Release|x64.ActiveCfg = Release|Any CPU
		{7435D2C2-58BF-4A85-8DFE-C071C61BCE22}.Release|x64.Build.0 = Release|Any CPU
		{7435D2C2-58BF-4A85-8DFE-C071C61BCE22}.Release|x64.Deploy.0 = Release|Any CPU
		{7435D2C2-58BF-4A85-8DFE-C071C61BCE22}.Release|x86.ActiveCfg = Release|Any CPU
		{7435D2C2-58BF-4A85-8DFE-C071C61BCE22}.Release|x86.Build.0 = Release|Any CPU
		{7435D2C2-58BF-4A85-8DFE-C071C61BCE22}.Release|x86.Deploy.0 = Release|Any CPU
		{4D077673-D152-4D3B-BA86-007112F6D8FE}.Ad-Hoc|Any CPU.ActiveCfg = Ad-Hoc|iPhone
		{4D077673-D152-4D3B-BA86-007112F6D8FE}.Ad-Hoc|ARM.ActiveCfg = Ad-Hoc|iPhone
		{4D077673-D152-4D3B-BA86-007112F6D8FE}.Ad-Hoc|iPhone.ActiveCfg = Ad-Hoc|iPhone
		{4D077673-D152-4D3B-BA86-007112F6D8FE}.Ad-Hoc|iPhone.Build.0 = Ad-Hoc|iPhone
		{4D077673-D152-4D3B-BA86-007112F6D8FE}.Ad-Hoc|iPhoneSimulator.ActiveCfg = Ad-Hoc|iPhoneSimulator
		{4D077673-D152-4D3B-BA86-007112F6D8FE}.Ad-Hoc|iPhoneSimulator.Build.0 = Ad-Hoc|iPhoneSimulator
		{4D077673-D152-4D3B-BA86-007112F6D8FE}.Ad-Hoc|x64.ActiveCfg = Ad-Hoc|iPhone
		{4D077673-D152-4D3B-BA86-007112F6D8FE}.Ad-Hoc|x86.ActiveCfg = Ad-Hoc|iPhone
		{4D077673-D152-4D3B-BA86-007112F6D8FE}.AppStore|Any CPU.ActiveCfg = AppStore|iPhone
		{4D077673-D152-4D3B-BA86-007112F6D8FE}.AppStore|ARM.ActiveCfg = AppStore|iPhone
		{4D077673-D152-4D3B-BA86-007112F6D8FE}.AppStore|iPhone.ActiveCfg = AppStore|iPhone
		{4D077673-D152-4D3B-BA86-007112F6D8FE}.AppStore|iPhone.Build.0 = AppStore|iPhone
		{4D077673-D152-4D3B-BA86-007112F6D8FE}.AppStore|iPhoneSimulator.ActiveCfg = AppStore|iPhoneSimulator
		{4D077673-D152-4D3B-BA86-007112F6D8FE}.AppStore|iPhoneSimulator.Build.0 = AppStore|iPhoneSimulator
		{4D077673-D152-4D3B-BA86-007112F6D8FE}.AppStore|x64.ActiveCfg = AppStore|iPhone
		{4D077673-D152-4D3B-BA86-007112F6D8FE}.AppStore|x86.ActiveCfg = AppStore|iPhone
		{4D077673-D152-4D3B-BA86-007112F6D8FE}.Debug|Any CPU.ActiveCfg = Debug|iPhone
		{4D077673-D152-4D3B-BA86-007112F6D8FE}.Debug|ARM.ActiveCfg = Debug|iPhone
		{4D077673-D152-4D3B-BA86-007112F6D8FE}.Debug|iPhone.ActiveCfg = Debug|iPhone
		{4D077673-D152-4D3B-BA86-007112F6D8FE}.Debug|iPhone.Build.0 = Debug|iPhone
		{4D077673-D152-4D3B-BA86-007112F6D8FE}.Debug|iPhoneSimulator.ActiveCfg = Debug|iPhoneSimulator
		{4D077673-D152-4D3B-BA86-007112F6D8FE}.Debug|iPhoneSimulator.Build.0 = Debug|iPhoneSimulator
		{4D077673-D152-4D3B-BA86-007112F6D8FE}.Debug|x64.ActiveCfg = Debug|iPhone
		{4D077673-D152-4D3B-BA86-007112F6D8FE}.Debug|x86.ActiveCfg = Debug|iPhone
		{4D077673-D152-4D3B-BA86-007112F6D8FE}.Release|Any CPU.ActiveCfg = Release|iPhone
		{4D077673-D152-4D3B-BA86-007112F6D8FE}.Release|ARM.ActiveCfg = Release|iPhone
		{4D077673-D152-4D3B-BA86-007112F6D8FE}.Release|iPhone.ActiveCfg = Release|iPhone
		{4D077673-D152-4D3B-BA86-007112F6D8FE}.Release|iPhone.Build.0 = Release|iPhone
		{4D077673-D152-4D3B-BA86-007112F6D8FE}.Release|iPhoneSimulator.ActiveCfg = Release|iPhoneSimulator
		{4D077673-D152-4D3B-BA86-007112F6D8FE}.Release|iPhoneSimulator.Build.0 = Release|iPhoneSimulator
		{4D077673-D152-4D3B-BA86-007112F6D8FE}.Release|x64.ActiveCfg = Release|iPhone
		{4D077673-D152-4D3B-BA86-007112F6D8FE}.Release|x86.ActiveCfg = Release|iPhone
		{4037D74B-B8D5-4316-8E37-9E00053B639C}.Ad-Hoc|Any CPU.ActiveCfg = Release|x86
		{4037D74B-B8D5-4316-8E37-9E00053B639C}.Ad-Hoc|Any CPU.Build.0 = Release|x86
		{4037D74B-B8D5-4316-8E37-9E00053B639C}.Ad-Hoc|Any CPU.Deploy.0 = Release|x86
		{4037D74B-B8D5-4316-8E37-9E00053B639C}.Ad-Hoc|ARM.ActiveCfg = Release|ARM
		{4037D74B-B8D5-4316-8E37-9E00053B639C}.Ad-Hoc|ARM.Build.0 = Release|ARM
		{4037D74B-B8D5-4316-8E37-9E00053B639C}.Ad-Hoc|ARM.Deploy.0 = Release|ARM
		{4037D74B-B8D5-4316-8E37-9E00053B639C}.Ad-Hoc|iPhone.ActiveCfg = Release|x86
		{4037D74B-B8D5-4316-8E37-9E00053B639C}.Ad-Hoc|iPhone.Build.0 = Release|x86
		{4037D74B-B8D5-4316-8E37-9E00053B639C}.Ad-Hoc|iPhone.Deploy.0 = Release|x86
		{4037D74B-B8D5-4316-8E37-9E00053B639C}.Ad-Hoc|iPhoneSimulator.ActiveCfg = Release|x86
		{4037D74B-B8D5-4316-8E37-9E00053B639C}.Ad-Hoc|iPhoneSimulator.Build.0 = Release|x86
		{4037D74B-B8D5-4316-8E37-9E00053B639C}.Ad-Hoc|iPhoneSimulator.Deploy.0 = Release|x86
		{4037D74B-B8D5-4316-8E37-9E00053B639C}.Ad-Hoc|x64.ActiveCfg = Release|x64
		{4037D74B-B8D5-4316-8E37-9E00053B639C}.Ad-Hoc|x64.Build.0 = Release|x64
		{4037D74B-B8D5-4316-8E37-9E00053B639C}.Ad-Hoc|x64.Deploy.0 = Release|x64
		{4037D74B-B8D5-4316-8E37-9E00053B639C}.Ad-Hoc|x86.ActiveCfg = Release|x86
		{4037D74B-B8D5-4316-8E37-9E00053B639C}.Ad-Hoc|x86.Build.0 = Release|x86
		{4037D74B-B8D5-4316-8E37-9E00053B639C}.Ad-Hoc|x86.Deploy.0 = Release|x86
		{4037D74B-B8D5-4316-8E37-9E00053B639C}.AppStore|Any CPU.ActiveCfg = Release|x86
		{4037D74B-B8D5-4316-8E37-9E00053B639C}.AppStore|Any CPU.Build.0 = Release|x86
		{4037D74B-B8D5-4316-8E37-9E00053B639C}.AppStore|Any CPU.Deploy.0 = Release|x86
		{4037D74B-B8D5-4316-8E37-9E00053B639C}.AppStore|ARM.ActiveCfg = Release|ARM
		{4037D74B-B8D5-4316-8E37-9E00053B639C}.AppStore|ARM.Build.0 = Release|ARM
		{4037D74B-B8D5-4316-8E37-9E00053B639C}.AppStore|ARM.Deploy.0 = Release|ARM
		{4037D74B-B8D5-4316-8E37-9E00053B639C}.AppStore|iPhone.ActiveCfg = Release|x86
		{4037D74B-B8D5-4316-8E37-9E00053B639C}.AppStore|iPhone.Build.0 = Release|x86
		{4037D74B-B8D5-4316-8E37-9E00053B639C}.AppStore|iPhone.Deploy.0 = Release|x86
		{4037D74B-B8D5-4316-8E37-9E00053B639C}.AppStore|iPhoneSimulator.ActiveCfg = Release|x86
		{4037D74B-B8D5-4316-8E37-9E00053B639C}.AppStore|iPhoneSimulator.Build.0 = Release|x86
		{4037D74B-B8D5-4316-8E37-9E00053B639C}.AppStore|iPhoneSimulator.Deploy.0 = Release|x86
		{4037D74B-B8D5-4316-8E37-9E00053B639C}.AppStore|x64.ActiveCfg = Release|x64
		{4037D74B-B8D5-4316-8E37-9E00053B639C}.AppStore|x64.Build.0 = Release|x64
		{4037D74B-B8D5-4316-8E37-9E00053B639C}.AppStore|x64.Deploy.0 = Release|x64
		{4037D74B-B8D5-4316-8E37-9E00053B639C}.AppStore|x86.ActiveCfg = Release|x86
		{4037D74B-B8D5-4316-8E37-9E00053B639C}.AppStore|x86.Build.0 = Release|x86
		{4037D74B-B8D5-4316-8E37-9E00053B639C}.AppStore|x86.Deploy.0 = Release|x86
		{4037D74B-B8D5-4316-8E37-9E00053B639C}.Debug|Any CPU.ActiveCfg = Debug|x86
		{4037D74B-B8D5-4316-8E37-9E00053B639C}.Debug|ARM.ActiveCfg = Debug|ARM
		{4037D74B-B8D5-4316-8E37-9E00053B639C}.Debug|ARM.Build.0 = Debug|ARM
		{4037D74B-B8D5-4316-8E37-9E00053B639C}.Debug|ARM.Deploy.0 = Debug|ARM
		{4037D74B-B8D5-4316-8E37-9E00053B639C}.Debug|iPhone.ActiveCfg = Debug|x86
		{4037D74B-B8D5-4316-8E37-9E00053B639C}.Debug|iPhoneSimulator.ActiveCfg = Debug|x86
		{4037D74B-B8D5-4316-8E37-9E00053B639C}.Debug|x64.ActiveCfg = Debug|x64
		{4037D74B-B8D5-4316-8E37-9E00053B639C}.Debug|x64.Build.0 = Debug|x64
		{4037D74B-B8D5-4316-8E37-9E00053B639C}.Debug|x64.Deploy.0 = Debug|x64
		{4037D74B-B8D5-4316-8E37-9E00053B639C}.Debug|x86.ActiveCfg = Debug|x86
		{4037D74B-B8D5-4316-8E37-9E00053B639C}.Debug|x86.Build.0 = Debug|x86
		{4037D74B-B8D5-4316-8E37-9E00053B639C}.Debug|x86.Deploy.0 = Debug|x86
		{4037D74B-B8D5-4316-8E37-9E00053B639C}.Release|Any CPU.ActiveCfg = Release|x86
		{4037D74B-B8D5-4316-8E37-9E00053B639C}.Release|ARM.ActiveCfg = Release|ARM
		{4037D74B-B8D5-4316-8E37-9E00053B639C}.Release|ARM.Build.0 = Release|ARM
		{4037D74B-B8D5-4316-8E37-9E00053B639C}.Release|ARM.Deploy.0 = Release|ARM
		{4037D74B-B8D5-4316-8E37-9E00053B639C}.Release|iPhone.ActiveCfg = Release|x86
		{4037D74B-B8D5-4316-8E37-9E00053B639C}.Release|iPhoneSimulator.ActiveCfg = Release|x86
		{4037D74B-B8D5-4316-8E37-9E00053B639C}.Release|x64.ActiveCfg = Release|x64
		{4037D74B-B8D5-4316-8E37-9E00053B639C}.Release|x64.Build.0 = Release|x64
		{4037D74B-B8D5-4316-8E37-9E00053B639C}.Release|x64.Deploy.0 = Release|x64
		{4037D74B-B8D5-4316-8E37-9E00053B639C}.Release|x86.ActiveCfg = Release|x86
		{4037D74B-B8D5-4316-8E37-9E00053B639C}.Release|x86.Build.0 = Release|x86
		{4037D74B-B8D5-4316-8E37-9E00053B639C}.Release|x86.Deploy.0 = Release|x86
	EndGlobalSection
	GlobalSection(SolutionProperties) = preSolution
		HideSolutionNode = FALSE
	EndGlobalSection
	GlobalSection(ExtensibilityGlobals) = postSolution
		SolutionGuid = {3F5B8379-C567-45CA-B395-60956F777486}
	EndGlobalSection
EndGlobal
